
Microsoft Visual Studio Solution File, Format Version 12.00
# Visual Studio Version 16
VisualStudioVersion = 16.0.31624.102
MinimumVisualStudioVersion = 10.0.40219.1
Project("{8BC9CEB8-8B4A-11D0-8D11-00A0C91BC942}") = "PLEASE W OPRK", "PLEASE W OPRK.vcxproj", "{825FBF01-6672-425C-8964-72B1D4B0ACC2}"
EndProject
Global
	GlobalSection(SolutionConfigurationPlatforms) = preSolution
		Debug|x64 = Debug|x64
		Debug|x86 = Debug|x86
		Release|x64 = Release|x64
		Release|x86 = Release|x86
	EndGlobalSection
	GlobalSection(ProjectConfigurationPlatforms) = postSolution
		{825FBF01-6672-425C-8964-72B1D4B0ACC2}.Debug|x64.ActiveCfg = Debug|x64
		{825FBF01-6672-425C-8964-72B1D4B0ACC2}.Debug|x64.Build.0 = Debug|x64
		{825FBF01-6672-425C-8964-72B1D4B0ACC2}.Debug|x86.ActiveCfg = Debug|Win32
		{825FBF01-6672-425C-8964-72B1D4B0ACC2}.Debug|x86.Build.0 = Debug|Win32
		{825FBF01-6672-425C-8964-72B1D4B0ACC2}.Release|x64.ActiveCfg = Release|x64
		{825FBF01-6672-425C-8964-72B1D4B0ACC2}.Release|x64.Build.0 = Release|x64
		{825FBF01-6672-425C-8964-72B1D4B0ACC2}.Release|x86.ActiveCfg = Release|Win32
		{825FBF01-6672-425C-8964-72B1D4B0ACC2}.Release|x86.Build.0 = Release|Win32
	EndGlobalSection
	GlobalSection(SolutionProperties) = preSolution
		HideSolutionNode = FALSE
	EndGlobalSection
	GlobalSection(ExtensibilityGlobals) = postSolution
		SolutionGuid = {8527703C-A177-46D9-85A8-0542F2BEA38D}
	EndGlobalSection
EndGlobal
